
Microsoft Visual Studio Solution File, Format Version 12.00
# Visual Studio 15
VisualStudioVersion = 15.0.28307.421
MinimumVisualStudioVersion = 10.0.40219.1
Project("{FAE04EC0-301F-11D3-BF4B-00C04F79EFBC}") = "ImageProcessorUI", "ImageProcessorUI\ImageProcessorUI.csproj", "{790D8D20-421F-4B47-82AB-81FABD1870BD}"
EndProject
Global
	GlobalSection(SolutionConfigurationPlatforms) = preSolution
		Debug|Any CPU = Debug|Any CPU
		Release|Any CPU = Release|Any CPU
	EndGlobalSection
	GlobalSection(ProjectConfigurationPlatforms) = postSolution
		{790D8D20-421F-4B47-82AB-81FABD1870BD}.Debug|Any CPU.ActiveCfg = Debug|Any CPU
		{790D8D20-421F-4B47-82AB-81FABD1870BD}.Debug|Any CPU.Build.0 = Debug|Any CPU
		{790D8D20-421F-4B47-82AB-81FABD1870BD}.Release|Any CPU.ActiveCfg = Release|Any CPU
		{790D8D20-421F-4B47-82AB-81FABD1870BD}.Release|Any CPU.Build.0 = Release|Any CPU
	EndGlobalSection
	GlobalSection(SolutionProperties) = preSolution
		HideSolutionNode = FALSE
	EndGlobalSection
	GlobalSection(ExtensibilityGlobals) = postSolution
		SolutionGuid = {E8013774-53BB-420E-9C23-12790B248BEE}
	EndGlobalSection
EndGlobal
